
Microsoft Visual Studio Solution File, Format Version 12.00
# Visual Studio Version 17
VisualStudioVersion = 17.9.34723.18
MinimumVisualStudioVersion = 10.0.40219.1
Project("{9A19103F-16F7-4668-BE54-9A1E7A4F7556}") = "Teste.Blazor", "Teste.Blazor\Teste.Blazor.csproj", "{F9F73B8F-B2A7-4CC0-B4F7-B590150E94FF}"
EndProject
Project("{9A19103F-16F7-4668-BE54-9A1E7A4F7556}") = "Teste.Blazor.Dominio", "Teste.Blazor.Dominio\Teste.Blazor.Dominio.csproj", "{3618E6DB-6B5B-4A30-978A-954E585817D7}"
EndProject
Global
	GlobalSection(SolutionConfigurationPlatforms) = preSolution
		Debug|Any CPU = Debug|Any CPU
		Release|Any CPU = Release|Any CPU
	EndGlobalSection
	GlobalSection(ProjectConfigurationPlatforms) = postSolution
		{F9F73B8F-B2A7-4CC0-B4F7-B590150E94FF}.Debug|Any CPU.ActiveCfg = Debug|Any CPU
		{F9F73B8F-B2A7-4CC0-B4F7-B590150E94FF}.Debug|Any CPU.Build.0 = Debug|Any CPU
		{F9F73B8F-B2A7-4CC0-B4F7-B590150E94FF}.Release|Any CPU.ActiveCfg = Release|Any CPU
		{F9F73B8F-B2A7-4CC0-B4F7-B590150E94FF}.Release|Any CPU.Build.0 = Release|Any CPU
		{3618E6DB-6B5B-4A30-978A-954E585817D7}.Debug|Any CPU.ActiveCfg = Debug|Any CPU
		{3618E6DB-6B5B-4A30-978A-954E585817D7}.Debug|Any CPU.Build.0 = Debug|Any CPU
		{3618E6DB-6B5B-4A30-978A-954E585817D7}.Release|Any CPU.ActiveCfg = Release|Any CPU
		{3618E6DB-6B5B-4A30-978A-954E585817D7}.Release|Any CPU.Build.0 = Release|Any CPU
	EndGlobalSection
	GlobalSection(SolutionProperties) = preSolution
		HideSolutionNode = FALSE
	EndGlobalSection
	GlobalSection(ExtensibilityGlobals) = postSolution
		SolutionGuid = {C600D49A-B554-4E3C-B998-7F9D8FBCA91F}
	EndGlobalSection
EndGlobal
