
Microsoft Visual Studio Solution File, Format Version 12.00
# Visual Studio Version 17
VisualStudioVersion = 17.10.35004.147
MinimumVisualStudioVersion = 10.0.40219.1
Project("{FAE04EC0-301F-11D3-BF4B-00C04F79EFBC}") = "ApiPrincipal", "ApiPrincipal\ApiPrincipal.csproj", "{760D3149-BDE8-43B1-B407-DDB1803B1238}"
EndProject
Project("{FAE04EC0-301F-11D3-BF4B-00C04F79EFBC}") = "ApiPrincipal.Dominio", "ApiPrincipal.Dominio\ApiPrincipal.Dominio.csproj", "{7E845331-6320-4A45-B0D4-2661011B4A2A}"
EndProject
Project("{FAE04EC0-301F-11D3-BF4B-00C04F79EFBC}") = "ApiPrincipal.Dal", "ApiPrincipal.Dal\ApiPrincipal.Dal.csproj", "{A938C686-8B3E-48D1-8B7B-A9CB13922760}"
EndProject
Project("{FAE04EC0-301F-11D3-BF4B-00C04F79EFBC}") = "ApiPrincipal.Bll", "ApiPrincipal.Bll\ApiPrincipal.Bll.csproj", "{FB02E4DC-DA23-4CCB-9A60-AF2BFBB285DD}"
EndProject
Global
	GlobalSection(SolutionConfigurationPlatforms) = preSolution
		Debug|Any CPU = Debug|Any CPU
		Release|Any CPU = Release|Any CPU
	EndGlobalSection
	GlobalSection(ProjectConfigurationPlatforms) = postSolution
		{760D3149-BDE8-43B1-B407-DDB1803B1238}.Debug|Any CPU.ActiveCfg = Debug|Any CPU
		{760D3149-BDE8-43B1-B407-DDB1803B1238}.Debug|Any CPU.Build.0 = Debug|Any CPU
		{760D3149-BDE8-43B1-B407-DDB1803B1238}.Release|Any CPU.ActiveCfg = Release|Any CPU
		{760D3149-BDE8-43B1-B407-DDB1803B1238}.Release|Any CPU.Build.0 = Release|Any CPU
		{7E845331-6320-4A45-B0D4-2661011B4A2A}.Debug|Any CPU.ActiveCfg = Debug|Any CPU
		{7E845331-6320-4A45-B0D4-2661011B4A2A}.Debug|Any CPU.Build.0 = Debug|Any CPU
		{7E845331-6320-4A45-B0D4-2661011B4A2A}.Release|Any CPU.ActiveCfg = Release|Any CPU
		{7E845331-6320-4A45-B0D4-2661011B4A2A}.Release|Any CPU.Build.0 = Release|Any CPU
		{A938C686-8B3E-48D1-8B7B-A9CB13922760}.Debug|Any CPU.ActiveCfg = Debug|Any CPU
		{A938C686-8B3E-48D1-8B7B-A9CB13922760}.Debug|Any CPU.Build.0 = Debug|Any CPU
		{A938C686-8B3E-48D1-8B7B-A9CB13922760}.Release|Any CPU.ActiveCfg = Release|Any CPU
		{A938C686-8B3E-48D1-8B7B-A9CB13922760}.Release|Any CPU.Build.0 = Release|Any CPU
		{FB02E4DC-DA23-4CCB-9A60-AF2BFBB285DD}.Debug|Any CPU.ActiveCfg = Debug|Any CPU
		{FB02E4DC-DA23-4CCB-9A60-AF2BFBB285DD}.Debug|Any CPU.Build.0 = Debug|Any CPU
		{FB02E4DC-DA23-4CCB-9A60-AF2BFBB285DD}.Release|Any CPU.ActiveCfg = Release|Any CPU
		{FB02E4DC-DA23-4CCB-9A60-AF2BFBB285DD}.Release|Any CPU.Build.0 = Release|Any CPU
	EndGlobalSection
	GlobalSection(SolutionProperties) = preSolution
		HideSolutionNode = FALSE
	EndGlobalSection
	GlobalSection(ExtensibilityGlobals) = postSolution
		SolutionGuid = {2473DE29-5640-42AA-B7F7-92F2AA8BD2D4}
	EndGlobalSection
EndGlobal
